
Microsoft Visual Studio Solution File, Format Version 10.00
# Visual Studio 2008
Project("{FAE04EC0-301F-11D3-BF4B-00C04F79EFBC}") = "Cheapster", "Cheapster\Cheapster.csproj", "{8EABC1FF-44A2-45C2-B244-E2DC22FEA3CC}"
EndProject
Global
	GlobalSection(SolutionConfigurationPlatforms) = preSolution
		Debug|iPhoneSimulator = Debug|iPhoneSimulator
		Release|iPhoneSimulator = Release|iPhoneSimulator
		Debug|iPhone = Debug|iPhone
		Release|iPhone = Release|iPhone
		Adhoc|iPhone = Adhoc|iPhone
	EndGlobalSection
	GlobalSection(ProjectConfigurationPlatforms) = postSolution
		{8EABC1FF-44A2-45C2-B244-E2DC22FEA3CC}.Adhoc|iPhone.ActiveCfg = Adhoc|iPhone
		{8EABC1FF-44A2-45C2-B244-E2DC22FEA3CC}.Adhoc|iPhone.Build.0 = Adhoc|iPhone
		{8EABC1FF-44A2-45C2-B244-E2DC22FEA3CC}.Debug|iPhone.ActiveCfg = Debug|iPhone
		{8EABC1FF-44A2-45C2-B244-E2DC22FEA3CC}.Debug|iPhone.Build.0 = Debug|iPhone
		{8EABC1FF-44A2-45C2-B244-E2DC22FEA3CC}.Debug|iPhoneSimulator.ActiveCfg = Debug|iPhoneSimulator
		{8EABC1FF-44A2-45C2-B244-E2DC22FEA3CC}.Debug|iPhoneSimulator.Build.0 = Debug|iPhoneSimulator
		{8EABC1FF-44A2-45C2-B244-E2DC22FEA3CC}.Release|iPhone.ActiveCfg = Release|iPhone
		{8EABC1FF-44A2-45C2-B244-E2DC22FEA3CC}.Release|iPhone.Build.0 = Release|iPhone
		{8EABC1FF-44A2-45C2-B244-E2DC22FEA3CC}.Release|iPhoneSimulator.ActiveCfg = Release|iPhoneSimulator
		{8EABC1FF-44A2-45C2-B244-E2DC22FEA3CC}.Release|iPhoneSimulator.Build.0 = Release|iPhoneSimulator
	EndGlobalSection
	GlobalSection(MonoDevelopProperties) = preSolution
		StartupItem = Cheapster\Cheapster.csproj
	EndGlobalSection
EndGlobal
